
Microsoft Visual Studio Solution File, Format Version 12.00
# Visual Studio Version 17
VisualStudioVersion = 17.0.32002.185
MinimumVisualStudioVersion = 10.0.40219.1
Project("{FAE04EC0-301F-11D3-BF4B-00C04F79EFBC}") = "demo_webshop", "demo_webshop\demo_webshop.csproj", "{E60C9ECE-FA59-4F2B-B650-BDC6D93CD72E}"
EndProject
Global
	GlobalSection(SolutionConfigurationPlatforms) = preSolution
		Debug|Any CPU = Debug|Any CPU
		Release|Any CPU = Release|Any CPU
	EndGlobalSection
	GlobalSection(ProjectConfigurationPlatforms) = postSolution
		{E60C9ECE-FA59-4F2B-B650-BDC6D93CD72E}.Debug|Any CPU.ActiveCfg = Debug|Any CPU
		{E60C9ECE-FA59-4F2B-B650-BDC6D93CD72E}.Debug|Any CPU.Build.0 = Debug|Any CPU
		{E60C9ECE-FA59-4F2B-B650-BDC6D93CD72E}.Release|Any CPU.ActiveCfg = Release|Any CPU
		{E60C9ECE-FA59-4F2B-B650-BDC6D93CD72E}.Release|Any CPU.Build.0 = Release|Any CPU
	EndGlobalSection
	GlobalSection(SolutionProperties) = preSolution
		HideSolutionNode = FALSE
	EndGlobalSection
	GlobalSection(ExtensibilityGlobals) = postSolution
		SolutionGuid = {2874D338-3095-42ED-A606-6ACFE840A5BA}
	EndGlobalSection
EndGlobal
